{
  "object": {
    "pins": [
      {
        "package": "async-http-client",
        "repositoryURL": "https://github.com/swift-server/async-http-client.git",
        "state": {
          "branch": null,
          "revision": "8fa7f082b155ea325bcf7b2dbffaf81d4eea1ae4",
          "version": "1.5.1"
        }
      },
      {
        "package": "smoke-aws",
        "repositoryURL": "https://github.com/amzn/smoke-aws.git",
        "state": {
          "branch": "configurable_connection_pool",
          "revision": "5c89306b92d4a17a937a0f852a87597f4b06bcee",
          "version": null
        }
      },
      {
        "package": "smoke-http",
        "repositoryURL": "https://github.com/amzn/smoke-http.git",
        "state": {
          "branch": "configurable_connection_pool",
          "revision": "b423aa8b2934942cc3b0fc40bea5f19e39e67ec9",
          "version": null
        }
      },
      {
        "package": "swift-crypto",
        "repositoryURL": "https://github.com/apple/swift-crypto.git",
        "state": {
          "branch": null,
          "revision": "3bea268b223651c4ab7b7b9ad62ef9b2d4143eb6",
          "version": "1.1.6"
        }
      },
      {
        "package": "swift-metrics",
        "repositoryURL": "https://github.com/apple/swift-metrics.git",
        "state": {
          "branch": null,
          "revision": "e382458581b05839a571c578e90060fff499f101",
          "version": "2.1.1"
        }
      },
      {
        "package": "swift-nio",
        "repositoryURL": "https://github.com/apple/swift-nio.git",
        "state": {
          "branch": null,
          "revision": "addf69cfe60376c325397c8926589415576b1dd1",
          "version": "2.34.0"
        }
      },
      {
        "package": "swift-nio-extras",
        "repositoryURL": "https://github.com/apple/swift-nio-extras.git",
        "state": {
          "branch": null,
          "revision": "f72c4688f89c28502105509186eadc49a49cb922",
          "version": "1.10.0"
        }
      },
      {
        "package": "swift-nio-ssl",
        "repositoryURL": "https://github.com/apple/swift-nio-ssl.git",
        "state": {
          "branch": null,
          "revision": "9db7cee4b62c39160a6bd513a47a1ecdcceac18a",
          "version": "2.14.0"
        }
      },
      {
        "package": "swift-nio-transport-services",
        "repositoryURL": "https://github.com/apple/swift-nio-transport-services.git",
        "state": {
          "branch": null,
          "revision": "39587bceccda72780e2a8a8c5e857e42a9df2fa8",
          "version": "1.11.0"
        }
      },
      {
        "package": "XMLCoding",
        "repositoryURL": "https://github.com/LiveUI/XMLCoding.git",
        "state": {
          "branch": null,
          "revision": "f0fbfe17e73f329e13a6133ff5437f7b174049fd",
          "version": "0.4.1"
        }
      }
    ]
  },
  "version": 1
}
